<?xml version="1.0" encoding="utf-8"?>
<Project ToolsVersion="4.0" xmlns="http://schemas.microsoft.com/developer/msbuild/2003">
  <ItemGroup>
    <Filter Include="Application">
      <UniqueIdentifier>{61aa0688-eb74-4a29-b931-1b45b6ad7c2c}</UniqueIdentifier>
    </Filter>
    <Filter Include="Scene">
      <UniqueIdentifier>{6a75a80c-e237-4549-8390-bf26e6184672}</UniqueIdentifier>
    </Filter>
    <Filter Include="PreCompiledHeader">
      <UniqueIdentifier>{93995380-89BD-4b04-88EB-625FBE52EBFB}</UniqueIdentifier>
      <Extensions>h;hh;hpp;hxx;h++;hm;inl;inc;ipp;xsd</Extensions>
    </Filter>
    <Filter Include="Scripts">
      <UniqueIdentifier>{84e0738f-dc97-4a97-9607-94bd3b577f5b}</UniqueIdentifier>
    </Filter>
    <Filter Include="Scripts\ScriptExample">
      <UniqueIdentifier>{3125c470-3da7-4543-86a7-200687e56296}</UniqueIdentifier>
    </Filter>
    <Filter Include="Scene\ExampleScene">
      <UniqueIdentifier>{622f0825-07bc-42f4-bcc6-b92d5fc1e316}</UniqueIdentifier>
    </Filter>
    <Filter Include="Scripts\Bike">
      <UniqueIdentifier>{556ab419-90eb-4a8a-a977-62945c1f74ab}</UniqueIdentifier>
    </Filter>
    <Filter Include="Scripts\Widget">
      <UniqueIdentifier>{8f0c8008-cfac-4743-9c41-1b5f5fa8e323}</UniqueIdentifier>
    </Filter>
    <Filter Include="Scripts\SolarScene">
      <UniqueIdentifier>{086d22b4-f7d7-49e9-a1a4-6e0721449d59}</UniqueIdentifier>
    </Filter>
    <Filter Include="Scripts\Video">
      <UniqueIdentifier>{425c74aa-3b3e-482d-ab8b-6b6092708d2c}</UniqueIdentifier>
    </Filter>
    <Filter Include="Spine2D">
      <UniqueIdentifier>{5f9912cc-ad01-4238-9c12-ceeb59ef58c7}</UniqueIdentifier>
    </Filter>
    <Filter Include="Scripts\Spine2D">
      <UniqueIdentifier>{a2ac56ab-5efd-440d-a652-1f690479b030}</UniqueIdentifier>
    </Filter>
    <Filter Include="Scripts\Camera">
      <UniqueIdentifier>{e4fd900e-08b6-42f5-8172-641535b1f65e}</UniqueIdentifier>
    </Filter>
    <Filter Include="Scripts\GameManage">
      <UniqueIdentifier>{79079b44-802b-46b6-998c-90bb5bb158eb}</UniqueIdentifier>
    </Filter>
    <Filter Include="Prefab">
      <UniqueIdentifier>{e3a8234c-4eb7-4d1b-8e10-e1ad19a39c70}</UniqueIdentifier>
    </Filter>
    <Filter Include="Scripts\Player">
      <UniqueIdentifier>{69b3ea38-b5c2-4f03-b4eb-2b87c6b435f7}</UniqueIdentifier>
    </Filter>
    <Filter Include="Scene\GameScene">
      <UniqueIdentifier>{e99e9ec0-bb79-445d-bba6-38a45ae1e494}</UniqueIdentifier>
    </Filter>
    <Filter Include="Scripts\Enemy">
      <UniqueIdentifier>{1da6b723-0835-409f-9932-b22729aa232d}</UniqueIdentifier>
    </Filter>
    <Filter Include="Scripts\Enemy\Base">
      <UniqueIdentifier>{8a8dcfcf-aa43-4636-8cc1-ec14b673afe8}</UniqueIdentifier>
    </Filter>
    <Filter Include="Prefab\Enemy">
      <UniqueIdentifier>{0f4905bc-40fc-4225-b582-b79602769c4f}</UniqueIdentifier>
    </Filter>
    <Filter Include="Prefab\Player">
      <UniqueIdentifier>{6c9b3d07-5f59-4b28-b349-bc129b91e778}</UniqueIdentifier>
    </Filter>
    <Filter Include="Prefab\Enemy\Core">
      <UniqueIdentifier>{b81ab542-aa9a-4f68-8904-be6b00cfd23b}</UniqueIdentifier>
    </Filter>
    <Filter Include="Scripts\Weapon">
      <UniqueIdentifier>{9634cc17-4f05-4b89-90df-3372689afb28}</UniqueIdentifier>
    </Filter>
    <Filter Include="Scripts\Legacy">
      <UniqueIdentifier>{d891f3f6-01ba-4091-86f9-8bbf677cff57}</UniqueIdentifier>
    </Filter>
    <Filter Include="Scripts\Audio">
      <UniqueIdentifier>{003ec608-7d56-4f4d-8510-6b9daec8e0c0}</UniqueIdentifier>
    </Filter>
  </ItemGroup>
  <ItemGroup>
    <ClInclude Include="targetver.h">
      <Filter>PreCompiledHeader</Filter>
    </ClInclude>
    <ClInclude Include="d2dengine_pch.h">
      <Filter>PreCompiledHeader</Filter>
    </ClInclude>
    <ClInclude Include="DemoGameApp.h">
      <Filter>Application</Filter>
    </ClInclude>
    <ClInclude Include="Scene\DemoScene.h">
      <Filter>Scene</Filter>
    </ClInclude>
    <ClInclude Include="Scene\DemoScene2.h">
      <Filter>Scene</Filter>
    </ClInclude>
    <ClInclude Include="Scripts\BackGroundImage.h">
      <Filter>Scripts</Filter>
    </ClInclude>
    <ClInclude Include="Scripts\BackGroundVideo.h">
      <Filter>Scripts</Filter>
    </ClInclude>
    <ClInclude Include="framework.h">
      <Filter>Scripts</Filter>
    </ClInclude>
    <ClInclude Include="Scripts\Example\ScriptExample.h">
      <Filter>Scripts\ScriptExample</Filter>
    </ClInclude>
    <ClInclude Include="Scene\DemoScene3.h">
      <Filter>Scene</Filter>
    </ClInclude>
    <ClInclude Include="Scene\DemoScene4.h">
      <Filter>Scene</Filter>
    </ClInclude>
    <ClInclude Include="Scripts\Audio.h">
      <Filter>Scripts</Filter>
    </ClInclude>
    <ClInclude Include="Scene\ExampleScene\ExampleScene.h">
      <Filter>Scene\ExampleScene</Filter>
    </ClInclude>
    <ClInclude Include="Scripts\Bike\Battery.h">
      <Filter>Scripts\Bike</Filter>
    </ClInclude>
    <ClInclude Include="Scripts\Bike\Health.h">
      <Filter>Scripts\Bike</Filter>
    </ClInclude>
    <ClInclude Include="Scripts\Bike\LaneController.h">
      <Filter>Scripts\Bike</Filter>
    </ClInclude>
    <ClInclude Include="Scripts\Widget\TitleWidgetScript.h">
      <Filter>Scripts\Widget</Filter>
    </ClInclude>
    <ClInclude Include="Scripts\SolarScene\Sun.h">
      <Filter>Scripts\SolarScene</Filter>
    </ClInclude>
    <ClInclude Include="Scripts\SolarScene\Moon.h">
      <Filter>Scripts\SolarScene</Filter>
    </ClInclude>
    <ClInclude Include="Scripts\SolarScene\Earth.h">
      <Filter>Scripts\SolarScene</Filter>
    </ClInclude>
    <ClInclude Include="Scripts\Video\YuukaVideo.h">
      <Filter>Scripts\Video</Filter>
    </ClInclude>
    <ClInclude Include="Scripts\Bike\BikeMovementScript.h">
      <Filter>Scripts\Bike</Filter>
    </ClInclude>
    <ClInclude Include="Scene\SpineScene.h">
      <Filter>Scene</Filter>
    </ClInclude>
    <ClInclude Include="Scripts\Spine2D\SpineScript.h">
      <Filter>Scripts\Spine2D</Filter>
    </ClInclude>
    <ClInclude Include="Scripts\BackGroundRender.h">
      <Filter>Scripts</Filter>
    </ClInclude>
    <ClInclude Include="Scripts\Camera\CameraMover.h">
      <Filter>Scripts\Camera</Filter>
    </ClInclude>
    <ClInclude Include="Resource.h">
      <Filter>PreCompiledHeader</Filter>
    </ClInclude>
    <ClInclude Include="Scripts\Player\PlayerManager.h">
      <Filter>Scripts\Player</Filter>
    </ClInclude>
    <ClInclude Include="Scene\GameScene\TitleScene.h">
      <Filter>Scene\GameScene</Filter>
    </ClInclude>
    <ClInclude Include="Scene\KangScene\KangScene.h">
      <Filter>Scene</Filter>
    </ClInclude>
    <ClInclude Include="Prefab\Enemy\EnemyBike.h">
      <Filter>Prefab\Enemy</Filter>
    </ClInclude>
    <ClInclude Include="Prefab\Player\PlayerBike.h">
      <Filter>Prefab\Player</Filter>
    </ClInclude>
    <ClInclude Include="Prefab\Truck.h">
      <Filter>Prefab</Filter>
    </ClInclude>
    <ClInclude Include="Prefab\Enemy\JumpTruck.h">
      <Filter>Prefab\Enemy</Filter>
    </ClInclude>
    <ClInclude Include="Prefab\Enemy\NormalCar.h">
      <Filter>Prefab\Enemy</Filter>
    </ClInclude>
    <ClInclude Include="Prefab\Enemy\NormalTruck.h">
      <Filter>Prefab\Enemy</Filter>
    </ClInclude>
    <ClInclude Include="Prefab\Enemy\Core\Car.h">
      <Filter>Prefab\Enemy\Core</Filter>
    </ClInclude>
    <ClInclude Include="Scripts\Enemy\EnemyManager.h">
      <Filter>PreCompiledHeader</Filter>
    </ClInclude>
    <ClInclude Include="Scripts\Enemy\Spawn\EnemySpawner.h">
      <Filter>PreCompiledHeader</Filter>
    </ClInclude>
    <ClInclude Include="Scripts\TileMap\TileMapManager.h">
      <Filter>PreCompiledHeader</Filter>
    </ClInclude>
    <ClInclude Include="Scripts\Enemy\Spawn\SpawnCollider.h">
      <Filter>PreCompiledHeader</Filter>
    </ClInclude>
    <ClInclude Include="Scripts\Weapon\Bullet.h">
      <Filter>Scripts\Weapon</Filter>
    </ClInclude>
    <ClInclude Include="GameManager\BulletManager.h">
      <Filter>Scripts\Weapon</Filter>
    </ClInclude>
    <ClInclude Include="Scripts\Weapon\Drone.h">
      <Filter>Scripts\Weapon</Filter>
    </ClInclude>
    <ClInclude Include="Scene\SelectScene.h">
      <Filter>Scene</Filter>
    </ClInclude>
    <ClInclude Include="Scripts\Widget\SelectWidgetScript.h">
      <Filter>Scripts\Widget</Filter>
    </ClInclude>
    <ClInclude Include="Scripts\Widget\StageWidgetScript.h">
      <Filter>Scripts\Widget</Filter>
    </ClInclude>
    <ClInclude Include="Scripts\Enemy\Spawn\SpawnData.h">
      <Filter>PreCompiledHeader</Filter>
    </ClInclude>
    <ClInclude Include="Scripts\Bike\BikeStatScript.h">
      <Filter>PreCompiledHeader</Filter>
    </ClInclude>
    <ClInclude Include="Scripts\Player\PlayerMovement.h">
      <Filter>PreCompiledHeader</Filter>
    </ClInclude>
    <ClInclude Include="Scripts\Legacy\Aru.h">
      <Filter>Scripts\Legacy</Filter>
    </ClInclude>
    <ClInclude Include="Scripts\Legacy\Aru2.h">
      <Filter>Scripts\Legacy</Filter>
    </ClInclude>
    <ClInclude Include="Scripts\Legacy\Enemy.h">
      <Filter>Scripts\Legacy</Filter>
    </ClInclude>
    <ClInclude Include="Scripts\Legacy\CameraController.h">
      <Filter>Scripts\Legacy</Filter>
    </ClInclude>
    <ClInclude Include="Scripts\Legacy\Player.h">
      <Filter>Scripts\Legacy</Filter>
    </ClInclude>
    <ClInclude Include="GameManager\GamePlayManager.h">
      <Filter>PreCompiledHeader</Filter>
    </ClInclude>
    <ClInclude Include="Scripts\Widget\CutSceneWidgetScript.h">
      <Filter>PreCompiledHeader</Filter>
    </ClInclude>
    <ClInclude Include="Scripts\Widget\VignetteWidgetScript.h">
      <Filter>PreCompiledHeader</Filter>
    </ClInclude>
    <ClInclude Include="Scripts\Widget\BlackOutWidgetScript.h">
      <Filter>PreCompiledHeader</Filter>
    </ClInclude>
    <ClInclude Include="Scene\EffectTestScene.h">
      <Filter>PreCompiledHeader</Filter>
    </ClInclude>
    <ClInclude Include="Scripts\Enemy\EnemyStatScript.h">
      <Filter>PreCompiledHeader</Filter>
    </ClInclude>
    <ClInclude Include="GameManager\EnemyDataManager.h">
      <Filter>PreCompiledHeader</Filter>
    </ClInclude>
    <ClInclude Include="Scene\GameScene\Scene_Stage1.h">
      <Filter>PreCompiledHeader</Filter>
    </ClInclude>
    <ClInclude Include="Scene\GameScene\Scene_Stage2.h">
      <Filter>PreCompiledHeader</Filter>
    </ClInclude>
    <ClInclude Include="Scene\GameScene\Scene_Stage3.h">
      <Filter>PreCompiledHeader</Filter>
    </ClInclude>
    <ClInclude Include="GameManager\PlayerDataManager.h">
      <Filter>PreCompiledHeader</Filter>
    </ClInclude>
    <ClInclude Include="Scene\GameScene\GameOverScene.h">
      <Filter>PreCompiledHeader</Filter>
    </ClInclude>
    <ClInclude Include="Scene\GameScene\GameClearScene.h">
      <Filter>PreCompiledHeader</Filter>
    </ClInclude>
    <ClInclude Include="Scripts\Enemy\SpawnerUsingSingleton\EnemySpawnTriggerBox.h">
      <Filter>PreCompiledHeader</Filter>
    </ClInclude>
    <ClInclude Include="Scripts\Widget\GameClearWidgetScript.h">
      <Filter>Scripts\Widget</Filter>
    </ClInclude>
    <ClInclude Include="Helper\ParticleHelper.h">
      <Filter>PreCompiledHeader</Filter>
    </ClInclude>
    <ClInclude Include="Scripts\Enemy\Spawn\EnemyDespawner.h">
      <Filter>PreCompiledHeader</Filter>
    </ClInclude>
    <ClInclude Include="Scripts\Enemy\Jump\JumpTrigger.h">
      <Filter>PreCompiledHeader</Filter>
    </ClInclude>
    <ClInclude Include="Scripts\Audio\GameClearAudioScript.h">
      <Filter>Scripts\Audio</Filter>
    </ClInclude>
    <ClInclude Include="Scripts\Audio\TitleAudioScript.h">
      <Filter>Scripts\Audio</Filter>
    </ClInclude>
    <ClInclude Include="Scripts\Audio\StageAudioScript.h">
      <Filter>Scripts\Audio</Filter>
    </ClInclude>
    <ClInclude Include="Scripts\Widget\LocationIndicatorWidgetScript.h">
      <Filter>PreCompiledHeader</Filter>
    </ClInclude>
    <ClInclude Include="Scripts\Weapon\BulletColl.h">
      <Filter>PreCompiledHeader</Filter>
    </ClInclude>
  </ItemGroup>
  <ItemGroup>
    <ClCompile Include="DemoGameApp.cpp">
      <Filter>Application</Filter>
    </ClCompile>
    <ClCompile Include="Scene\DemoScene.cpp">
      <Filter>Scene</Filter>
    </ClCompile>
    <ClCompile Include="Scene\DemoScene2.cpp">
      <Filter>Scene</Filter>
    </ClCompile>
    <ClCompile Include="main.cpp">
      <Filter>Application</Filter>
    </ClCompile>
    <ClCompile Include="Scripts\BackGroundImage.cpp">
      <Filter>Scripts</Filter>
    </ClCompile>
    <ClCompile Include="Scripts\BackGroundVideo.cpp">
      <Filter>Scripts</Filter>
    </ClCompile>
    <ClCompile Include="Scripts\Example\ScriptExample.cpp">
      <Filter>Scripts\ScriptExample</Filter>
    </ClCompile>
    <ClCompile Include="Scene\DemoScene3.cpp">
      <Filter>Scene</Filter>
    </ClCompile>
    <ClCompile Include="d2dengine_pch.cpp">
      <Filter>PreCompiledHeader</Filter>
    </ClCompile>
    <ClCompile Include="Scene\DemoScene4.cpp">
      <Filter>Scene</Filter>
    </ClCompile>
    <ClCompile Include="Scripts\Audio.cpp">
      <Filter>Scripts</Filter>
    </ClCompile>
    <ClCompile Include="Scene\ExampleScene\ExampleScene.cpp">
      <Filter>Scene\ExampleScene</Filter>
    </ClCompile>
    <ClCompile Include="Scripts\Bike\Battery.cpp">
      <Filter>Scripts\Bike</Filter>
    </ClCompile>
    <ClCompile Include="Scripts\Bike\Health.cpp">
      <Filter>Scripts\Bike</Filter>
    </ClCompile>
    <ClCompile Include="Scripts\Bike\LaneController.cpp">
      <Filter>Scripts\Bike</Filter>
    </ClCompile>
    <ClCompile Include="Scripts\Widget\TitleWidgetScript.cpp">
      <Filter>Scripts\Widget</Filter>
    </ClCompile>
    <ClCompile Include="Scripts\SolarScene\Sun.cpp">
      <Filter>Scripts\SolarScene</Filter>
    </ClCompile>
    <ClCompile Include="Scripts\SolarScene\Moon.cpp">
      <Filter>Scripts\SolarScene</Filter>
    </ClCompile>
    <ClCompile Include="Scripts\SolarScene\Earth.cpp">
      <Filter>Scripts\SolarScene</Filter>
    </ClCompile>
    <ClCompile Include="Scripts\Video\YuukaVideo.cpp">
      <Filter>Scripts\Video</Filter>
    </ClCompile>
    <ClCompile Include="Scripts\Bike\BikeMovementScript.cpp">
      <Filter>Scripts\Bike</Filter>
    </ClCompile>
    <ClCompile Include="Scene\SpineScene.cpp">
      <Filter>Scene</Filter>
    </ClCompile>
    <ClCompile Include="Scripts\Spine2D\SpineScript.cpp">
      <Filter>Scripts\Spine2D</Filter>
    </ClCompile>
    <ClCompile Include="Scripts\BackGroundRender.cpp">
      <Filter>Scripts</Filter>
    </ClCompile>
    <ClCompile Include="Scripts\Camera\CameraMover.cpp">
      <Filter>Scripts\Camera</Filter>
    </ClCompile>
    <ClCompile Include="Scripts\Player\PlayerManager.cpp">
      <Filter>Scripts\Player</Filter>
    </ClCompile>
    <ClCompile Include="Scene\GameScene\TitleScene.cpp">
      <Filter>Scene\GameScene</Filter>
    </ClCompile>
    <ClCompile Include="Scene\KangScene\KangScene.cpp">
      <Filter>Scene</Filter>
    </ClCompile>
    <ClCompile Include="Prefab\Enemy\EnemyBike.cpp">
      <Filter>Prefab\Enemy</Filter>
    </ClCompile>
    <ClCompile Include="Scripts\Weapon\Bullet.cpp">
      <Filter>Scripts\Weapon</Filter>
    </ClCompile>
    <ClCompile Include="GameManager\BulletManager.cpp">
      <Filter>Scripts\Weapon</Filter>
    </ClCompile>
    <ClCompile Include="Scripts\Weapon\Drone.cpp">
      <Filter>Scripts\Weapon</Filter>
    </ClCompile>
    <ClCompile Include="Scene\SelectScene.cpp">
      <Filter>Scene</Filter>
    </ClCompile>
    <ClCompile Include="Scripts\Widget\SelectWidgetScript.cpp">
      <Filter>Scripts\Widget</Filter>
    </ClCompile>
    <ClCompile Include="Prefab\Player\PlayerBike.cpp">
      <Filter>Prefab\Player</Filter>
    </ClCompile>
    <ClCompile Include="Prefab\Enemy\JumpTruck.cpp">
      <Filter>Prefab\Enemy</Filter>
    </ClCompile>
    <ClCompile Include="Prefab\Enemy\NormalCar.cpp">
      <Filter>Prefab\Enemy</Filter>
    </ClCompile>
    <ClCompile Include="Prefab\Enemy\NormalTruck.cpp">
      <Filter>Prefab\Enemy</Filter>
    </ClCompile>
    <ClCompile Include="Prefab\Truck.cpp">
      <Filter>Prefab</Filter>
    </ClCompile>
    <ClCompile Include="Prefab\Enemy\Core\Car.cpp">
      <Filter>Prefab\Enemy\Core</Filter>
    </ClCompile>
    <ClCompile Include="Scripts\Enemy\EnemyManager.cpp" />
    <ClCompile Include="Scripts\Enemy\Spawn\EnemySpawner.cpp" />
    <ClCompile Include="Scripts\TileMap\TileMapManager.cpp" />
    <ClCompile Include="Scripts\Widget\StageWidgetScript.cpp">
      <Filter>Scripts\Widget</Filter>
    </ClCompile>
    <ClCompile Include="Scripts\Enemy\Spawn\SpawnCollider.cpp" />
    <ClCompile Include="Scripts\Enemy\Spawn\SpawnData.cpp" />
    <ClCompile Include="Scripts\Bike\BikeStatScript.cpp" />
    <ClCompile Include="Scripts\Player\PlayerMovement.cpp" />
    <ClCompile Include="Scripts\Enemy\SpawnerUsingSingleton\EnemySpawnTriggerBox.cpp" />
    <ClCompile Include="Scene\GameScene\GameClearScene.cpp" />
    <ClCompile Include="GameManager\PlayerDataManager.cpp" />
    <ClCompile Include="Scene\GameScene\GameOverScene.cpp" />
    <ClCompile Include="Scene\GameScene\Scene_Stage2.cpp" />
    <ClCompile Include="Scene\GameScene\Scene_Stage3.cpp" />
    <ClCompile Include="GameManager\EnemyDataManager.cpp" />
    <ClCompile Include="Scripts\Enemy\EnemyStatScript.cpp" />
    <ClCompile Include="Scene\EffectTestScene.cpp" />
    <ClCompile Include="Scripts\Widget\BlackOutWidgetScript.cpp" />
    <ClCompile Include="Scripts\Widget\CutSceneWidgetScript.cpp" />
    <ClCompile Include="GameManager\GamePlayManager.cpp" />
    <ClCompile Include="Scripts\Bike\BikeStatScript.cpp" />
    <ClCompile Include="Scripts\Weapon\Drone.cpp" />
    <ClCompile Include="Scripts\Enemy\Spawn\EnemySpawner.cpp" />
    <ClCompile Include="Scripts\Enemy\EnemyManager.cpp" />
    <ClCompile Include="Prefab\Enemy\NormalCar.cpp" />
    <ClCompile Include="Prefab\Enemy\JumpTruck.cpp" />
    <ClCompile Include="Prefab\Enemy\NormalTruck.cpp" />
    <ClCompile Include="GameManager\BulletManager.cpp" />
    <ClCompile Include="Scripts\Weapon\Bullet.cpp" />
    <ClCompile Include="Scene\KangScene\KangScene.cpp" />
    <ClCompile Include="Prefab\Enemy\Core\Car.cpp" />
    <ClCompile Include="Scripts\Player\PlayerManager.cpp" />
    <ClCompile Include="Prefab\Player\PlayerBike.cpp" />
    <ClCompile Include="Prefab\Enemy\EnemyBike.cpp" />
    <ClCompile Include="Scripts\BackGroundRender.cpp" />
    <ClCompile Include="Scripts\Camera\CameraMover.cpp" />
    <ClCompile Include="Scripts\Bike\BikeMovementScript.cpp" />
    <ClCompile Include="Scripts\Legacy\Player.cpp" />
    <ClCompile Include="Scripts\Bike\LaneController.cpp" />
    <ClCompile Include="Scripts\Bike\Battery.cpp" />
    <ClCompile Include="Scripts\Audio.cpp" />
    <ClCompile Include="d2dengine_pch.cpp" />
    <ClCompile Include="Scene\DemoScene4.cpp" />
    <ClCompile Include="Scene\ExampleScene\ExampleScene.cpp" />
    <ClCompile Include="Scripts\Legacy\Enemy.cpp" />
    <ClCompile Include="Scene\DemoScene3.cpp" />
    <ClCompile Include="Scripts\Legacy\Aru2.cpp" />
    <ClCompile Include="Scripts\Example\ScriptExample.cpp" />
    <ClCompile Include="Scripts\Legacy\CameraController.cpp" />
    <ClCompile Include="Scripts\BackGroundImage.cpp" />
    <ClCompile Include="Scripts\BackGroundVideo.cpp" />
    <ClCompile Include="Scripts\Legacy\Aru.cpp" />
    <ClCompile Include="Scripts\Bike\Health.cpp" />
    <ClCompile Include="Scripts\SolarScene\Moon.cpp" />
    <ClCompile Include="Scripts\SolarScene\Earth.cpp" />
    <ClCompile Include="Scene\DemoScene2.cpp" />
    <ClCompile Include="Scene\DemoScene.cpp" />
    <ClCompile Include="DemoGameApp.cpp" />
    <ClCompile Include="main.cpp" />
    <ClCompile Include="Scripts\SolarScene\Sun.cpp" />
    <ClCompile Include="Scripts\Video\YuukaVideo.cpp" />
    <ClCompile Include="Prefab\Truck.cpp" />
    <ClCompile Include="Scene\GameScene\TitleScene.cpp" />
    <ClCompile Include="Scripts\Widget\TitleWidgetScript.cpp" />
    <ClCompile Include="Scene\SelectScene.cpp" />
    <ClCompile Include="Scripts\Widget\SelectWidgetScript.cpp" />
    <ClCompile Include="Scripts\Enemy\Spawn\SpawnCollider.cpp" />
    <ClCompile Include="Scripts\Enemy\Spawn\SpawnData.cpp" />
    <ClCompile Include="Spine2D\SpineRenderer.cpp" />
    <ClCompile Include="Scene\SpineScene.cpp" />
    <ClCompile Include="Scripts\Spine2D\SpineScript.cpp" />
    <ClCompile Include="Scripts\TileMap\TileMapManager.cpp" />
    <ClCompile Include="Scripts\Widget\StageWidgetScript.cpp" />
    <ClCompile Include="Scripts\Widget\VignetteWidgetScript.cpp" />
    <ClCompile Include="Scene\GameScene\Scene_Stage1.cpp" />
    <ClCompile Include="Scripts\Widget\GameOverWidgetScript.cpp" />
    <ClCompile Include="Scripts\Enemy\Spawn\EnemyDespawner.cpp" />
    <ClCompile Include="Scripts\Enemy\Jump\JumpTrigger.cpp" />
    <ClCompile Include="Scripts\Widget\GameClearWidgetScript.cpp">
      <Filter>Scripts\Widget</Filter>
    </ClCompile>
    <ClCompile Include="Helper\ParticleHelper.cpp" />
    <ClCompile Include="Scripts\Audio\GameClearAudioScript.cpp">
      <Filter>Scripts\Audio</Filter>
    </ClCompile>
    <ClCompile Include="Scripts\Audio\TitleAudioScript.cpp">
      <Filter>Scripts\Audio</Filter>
    </ClCompile>
    <ClCompile Include="Scripts\Audio\StageAudioScript.cpp">
      <Filter>Scripts\Audio</Filter>
    </ClCompile>
    <ClCompile Include="Scripts\Widget\LocationIndicatorWidgetScript.cpp" />
    <ClCompile Include="Scripts\Weapon\BulletColl.cpp" />
  </ItemGroup>
  <ItemGroup>
    <ClInclude Include="Scripts\Player\PlayerMovement.h" />
    <ClInclude Include="Scripts\Enemy\SpawnerUsingSingleton\EnemySpawnTriggerBox.h" />
    <ClInclude Include="Scene\GameScene\GameClearScene.h" />
    <ClInclude Include="GameManager\PlayerDataManager.h" />
    <ClInclude Include="Scene\GameScene\GameOverScene.h" />
    <ClInclude Include="Scene\GameScene\Scene_Stage2.h" />
    <ClInclude Include="Scene\GameScene\Scene_Stage3.h" />
    <ClInclude Include="GameManager\EnemyDataManager.h" />
    <ClInclude Include="Scripts\Enemy\EnemyStatScript.h" />
    <ClInclude Include="Scene\EffectTestScene.h" />
    <ClInclude Include="Scripts\Widget\BlackOutWidgetScript.h" />
    <ClInclude Include="Scripts\Widget\CutSceneWidgetScript.h" />
    <ClInclude Include="GameManager\GamePlayManager.h" />
    <ClInclude Include="Scripts\Bike\BikeStatScript.h" />
    <ClInclude Include="Scripts\Weapon\Drone.h" />
    <ClInclude Include="Scripts\Enemy\Spawn\EnemySpawner.h" />
    <ClInclude Include="Scripts\Enemy\EnemyManager.h" />
    <ClInclude Include="Prefab\Enemy\NormalCar.h" />
    <ClInclude Include="Prefab\Enemy\JumpTruck.h" />
    <ClInclude Include="Prefab\Enemy\NormalTruck.h" />
    <ClInclude Include="GameManager\BulletManager.h" />
    <ClInclude Include="Scripts\Weapon\Bullet.h" />
    <ClInclude Include="Scene\KangScene\KangScene.h" />
    <ClInclude Include="Prefab\Enemy\Core\Car.h" />
    <ClInclude Include="Scripts\Player\PlayerManager.h" />
    <ClInclude Include="Prefab\Player\PlayerBike.h" />
    <ClInclude Include="Prefab\Enemy\EnemyBike.h" />
    <ClInclude Include="Scripts\BackGroundRender.h" />
    <ClInclude Include="Scripts\Camera\CameraMover.h" />
    <ClInclude Include="Scripts\Bike\BikeMovementScript.h" />
    <ClInclude Include="Scripts\Bike\LaneController.h" />
    <ClInclude Include="Scripts\Bike\Battery.h" />
    <ClInclude Include="Scripts\Audio.h" />
    <ClInclude Include="Scene\DemoScene4.h" />
    <ClInclude Include="Scene\ExampleScene\ExampleScene.h" />
    <ClInclude Include="Scripts\Legacy\Enemy.h" />
    <ClInclude Include="Scene\DemoScene3.h" />
    <ClInclude Include="Scripts\Bike\Health.h" />
    <ClInclude Include="Scripts\Legacy\Player.h" />
    <ClInclude Include="Scripts\Legacy\Aru2.h" />
    <ClInclude Include="Scripts\Example\ScriptExample.h" />
    <ClInclude Include="Scripts\Legacy\CameraController.h" />
    <ClInclude Include="Scripts\BackGroundImage.h" />
    <ClInclude Include="Scripts\BackGroundVideo.h" />
    <ClInclude Include="Scripts\Legacy\Aru.h" />
    <ClInclude Include="Scripts\SolarScene\Moon.h" />
    <ClInclude Include="Scripts\SolarScene\Earth.h" />
    <ClInclude Include="Scene\DemoScene2.h" />
    <ClInclude Include="Scene\DemoScene.h" />
    <ClInclude Include="DemoGameApp.h" />
    <ClInclude Include="framework.h" />
    <ClInclude Include="Resource.h" />
    <ClInclude Include="Scripts\SolarScene\Sun.h" />
    <ClInclude Include="d2dengine_pch.h" />
    <ClInclude Include="Scene\SelectScene.h" />
    <ClInclude Include="Scripts\Widget\SelectWidgetScript.h" />
    <ClInclude Include="Scripts\Enemy\Spawn\SpawnCollider.h" />
    <ClInclude Include="Scripts\Enemy\Spawn\SpawnData.h" />
    <ClInclude Include="Spine2D\SpineRenderer.h" />
    <ClInclude Include="Scene\SpineScene.h" />
    <ClInclude Include="Scripts\Spine2D\SpineScript.h" />
    <ClInclude Include="Scripts\Widget\StageWidgetScript.h" />
    <ClInclude Include="Scene\GameScene\Scene_Stage1.h" />
    <ClInclude Include="targetver.h" />
    <ClInclude Include="Scripts\Video\YuukaVideo.h" />
    <ClInclude Include="Prefab\Truck.h" />
    <ClInclude Include="Scene\GameScene\TitleScene.h" />
    <ClInclude Include="Scripts\Widget\TitleWidgetScript.h" />
    <ClInclude Include="Scripts\TileMap\TileMapManager.h" />
    <ClInclude Include="Scripts\Widget\VignetteWidgetScript.h" />
    <ClInclude Include="Scripts\Widget\GameOverWidgetScript.h" />
  </ItemGroup>
</Project>