<?xml version="1.0" encoding="utf-8"?>
<Project ToolsVersion="4.0" xmlns="http://schemas.microsoft.com/developer/msbuild/2003">
  <ItemGroup>
    <Filter Include="Component">
      <UniqueIdentifier>{0ed821fc-4498-448a-aa50-3ec4e11ffcd4}</UniqueIdentifier>
    </Filter>
    <Filter Include="System">
      <UniqueIdentifier>{1f32b681-37d4-45f4-8f4a-fe0c1789075a}</UniqueIdentifier>
    </Filter>
    <Filter Include="Object">
      <UniqueIdentifier>{4200bd17-5bee-4f4f-984c-09ad0011a388}</UniqueIdentifier>
    </Filter>
    <Filter Include="Manager">
      <UniqueIdentifier>{0920d86b-9393-4702-b908-80ed1dccfe0d}</UniqueIdentifier>
    </Filter>
    <Filter Include="Math">
      <UniqueIdentifier>{4582e54d-f7cb-4227-9301-a0917e6c1eb7}</UniqueIdentifier>
    </Filter>
    <Filter Include="Core">
      <UniqueIdentifier>{4e233e06-d4cc-4b97-bdd6-59c2451789e1}</UniqueIdentifier>
    </Filter>
    <Filter Include="Helper">
      <UniqueIdentifier>{e041ee66-c8da-42a4-8a6f-da992711288d}</UniqueIdentifier>
    </Filter>
    <Filter Include="Define">
      <UniqueIdentifier>{5d768a4b-3498-443d-b0f4-e2651bda92fb}</UniqueIdentifier>
    </Filter>
    <Filter Include="Scene">
      <UniqueIdentifier>{4fa6549e-bc3b-47a5-91e1-d057ad6b8ffe}</UniqueIdentifier>
    </Filter>
    <Filter Include="Core\Application">
      <UniqueIdentifier>{267b2be8-916b-48eb-9ed8-8bb8784d1a93}</UniqueIdentifier>
    </Filter>
    <Filter Include="Extension">
      <UniqueIdentifier>{751103b2-3d64-4210-bdc0-d58cabfa0b25}</UniqueIdentifier>
    </Filter>
    <Filter Include="FSM">
      <UniqueIdentifier>{d7958793-ddf1-43ef-800e-063b48c49da1}</UniqueIdentifier>
    </Filter>
    <Filter Include="Animation">
      <UniqueIdentifier>{a280a50e-1364-4b47-8e1f-7c01d3862342}</UniqueIdentifier>
    </Filter>
    <Filter Include="Experimental">
      <UniqueIdentifier>{4f196776-6856-486e-aad9-f6cc7c016d1f}</UniqueIdentifier>
    </Filter>
    <Filter Include="Experimental\Physics">
      <UniqueIdentifier>{0dec12fa-a27a-4bb7-91e2-8b12eff0ec29}</UniqueIdentifier>
    </Filter>
    <Filter Include="Experimental\Collission">
      <UniqueIdentifier>{ca4d7bbf-2055-43a8-81dc-f789295092ed}</UniqueIdentifier>
    </Filter>
  </ItemGroup>
  <ItemGroup>
    <ClInclude Include="Component\VideoComponent.h">
      <Filter>Component</Filter>
    </ClInclude>
    <ClInclude Include="Component\BoxComponent.h">
      <Filter>Component</Filter>
    </ClInclude>
    <ClInclude Include="Component\InputComponent.h">
      <Filter>Component</Filter>
    </ClInclude>
    <ClInclude Include="Component\RenderComponent.h">
      <Filter>Component</Filter>
    </ClInclude>
    <ClInclude Include="Component\ScriptComponent.h">
      <Filter>Component</Filter>
    </ClInclude>
    <ClInclude Include="Component\TextRenderComponent.h">
      <Filter>Component</Filter>
    </ClInclude>
    <ClInclude Include="Component\TransformComponent.h">
      <Filter>Component</Filter>
    </ClInclude>
    <ClInclude Include="Component\Component.h">
      <Filter>Component</Filter>
    </ClInclude>
    <ClInclude Include="System\InputSystem.h">
      <Filter>System</Filter>
    </ClInclude>
    <ClInclude Include="System\RenderSystem.h">
      <Filter>System</Filter>
    </ClInclude>
    <ClInclude Include="System\SystemBase.h">
      <Filter>System</Filter>
    </ClInclude>
    <ClInclude Include="Object\UObject.h">
      <Filter>Object</Filter>
    </ClInclude>
    <ClInclude Include="Object\gameObject.h">
      <Filter>Object</Filter>
    </ClInclude>
    <ClInclude Include="Object\Camera.h">
      <Filter>Object</Filter>
    </ClInclude>
    <ClInclude Include="Manager\PackageResourceManager.h">
      <Filter>Manager</Filter>
    </ClInclude>
    <ClInclude Include="Manager\D2DRenderManager.h">
      <Filter>Manager</Filter>
    </ClInclude>
    <ClInclude Include="Manager\UpdateTaskManager.h">
      <Filter>Manager</Filter>
    </ClInclude>
    <ClInclude Include="Manager\SceneManager.h">
      <Filter>Manager</Filter>
    </ClInclude>
    <ClInclude Include="Math\TColor.h">
      <Filter>Math</Filter>
    </ClInclude>
    <ClInclude Include="Math\TMath.h">
      <Filter>Math</Filter>
    </ClInclude>
    <ClInclude Include="Math\Transform.h">
      <Filter>Math</Filter>
    </ClInclude>
    <ClInclude Include="Helpers\FFmpegHelper.h">
      <Filter>Helper</Filter>
    </ClInclude>
    <ClInclude Include="Helpers\StringHelper.h">
      <Filter>Helper</Filter>
    </ClInclude>
    <ClInclude Include="Core\ObjectHandler.h">
      <Filter>Core</Filter>
    </ClInclude>
    <ClInclude Include="Core\Delegate.h">
      <Filter>Core</Filter>
    </ClInclude>
    <ClInclude Include="Core\Input.h">
      <Filter>Core</Filter>
    </ClInclude>
    <ClInclude Include="Core\Singleton.h">
      <Filter>Core</Filter>
    </ClInclude>
    <ClInclude Include="Core\StatTraits.h">
      <Filter>Core</Filter>
    </ClInclude>
    <ClInclude Include="Component\StatComponent.h">
      <Filter>Component</Filter>
    </ClInclude>
    <ClInclude Include="Component\SpriteRenderer.h">
      <Filter>Component</Filter>
    </ClInclude>
    <ClInclude Include="Define\Define.h">
      <Filter>Define</Filter>
    </ClInclude>
    <ClInclude Include="Helpers\FileHelper.h">
      <Filter>Helper</Filter>
    </ClInclude>
    <ClInclude Include="System\ScriptSystem.h">
      <Filter>System</Filter>
    </ClInclude>
    <ClInclude Include="Scene\Scene.h">
      <Filter>Scene</Filter>
    </ClInclude>
    <ClInclude Include="Application.h">
      <Filter>Core\Application</Filter>
    </ClInclude>
    <ClInclude Include="framework.h">
      <Filter>Core</Filter>
    </ClInclude>
    <ClInclude Include="pch.h">
      <Filter>Core</Filter>
    </ClInclude>
    <ClInclude Include="Core\Tickable.h">
      <Filter>Core</Filter>
    </ClInclude>
    <ClInclude Include="Manager\TimerManager.h">
      <Filter>Manager</Filter>
    </ClInclude>
    <ClInclude Include="Extension\json.hpp">
      <Filter>Extension</Filter>
    </ClInclude>
    <ClInclude Include="Component\Animator.h">
      <Filter>Component</Filter>
    </ClInclude>
    <ClInclude Include="FSM\FSMState.h">
      <Filter>FSM</Filter>
    </ClInclude>
    <ClInclude Include="FSM\FiniteStateMachine.h">
      <Filter>FSM</Filter>
    </ClInclude>
    <ClInclude Include="Object\UObjectBase.h">
      <Filter>Object</Filter>
    </ClInclude>
    <ClInclude Include="Animation\TextureLoader.h">
      <Filter>Animation</Filter>
    </ClInclude>
    <ClInclude Include="Animation\AnimationController.h">
      <Filter>Animation</Filter>
    </ClInclude>
    <ClInclude Include="Animation\AnimatorInstance.h">
      <Filter>Animation</Filter>
    </ClInclude>
    <ClInclude Include="System\CollisionSystem.h">
      <Filter>System</Filter>
    </ClInclude>
    <ClInclude Include="Experimental\Physics\AABB.h">
      <Filter>Experimental\Physics</Filter>
    </ClInclude>
    <ClInclude Include="Experimental\Collision\CollisionDetector.h">
      <Filter>Experimental\Collission</Filter>
    </ClInclude>
    <ClInclude Include="Manager\ClassManager.h">
      <Filter>Manager</Filter>
    </ClInclude>
    <ClInclude Include="Component\Collider.h">
      <Filter>Component</Filter>
    </ClInclude>
  </ItemGroup>
  <ItemGroup>
    <ClCompile Include="Component\VideoComponent.cpp">
      <Filter>Component</Filter>
    </ClCompile>
    <ClCompile Include="Component\BoxComponent.cpp">
      <Filter>Component</Filter>
    </ClCompile>
    <ClCompile Include="Component\Component.cpp">
      <Filter>Component</Filter>
    </ClCompile>
    <ClCompile Include="Component\InputComponent.cpp">
      <Filter>Component</Filter>
    </ClCompile>
    <ClCompile Include="Component\RenderComponent.cpp">
      <Filter>Component</Filter>
    </ClCompile>
    <ClCompile Include="Component\ScriptComponent.cpp">
      <Filter>Component</Filter>
    </ClCompile>
    <ClCompile Include="Component\SpriteRenderer.cpp">
      <Filter>Component</Filter>
    </ClCompile>
    <ClCompile Include="Component\TextRenderComponent.cpp">
      <Filter>Component</Filter>
    </ClCompile>
    <ClCompile Include="Component\TransformComponent.cpp">
      <Filter>Component</Filter>
    </ClCompile>
    <ClCompile Include="System\InputSystem.cpp">
      <Filter>System</Filter>
    </ClCompile>
    <ClCompile Include="System\RenderSystem.cpp">
      <Filter>System</Filter>
    </ClCompile>
    <ClCompile Include="System\ScriptSystem.cpp">
      <Filter>System</Filter>
    </ClCompile>
    <ClCompile Include="Object\UObject.cpp">
      <Filter>Object</Filter>
    </ClCompile>
    <ClCompile Include="Object\gameObject.cpp">
      <Filter>Object</Filter>
    </ClCompile>
    <ClCompile Include="Object\Camera.cpp">
      <Filter>Object</Filter>
    </ClCompile>
    <ClCompile Include="Manager\PackageResourceManager.cpp">
      <Filter>Manager</Filter>
    </ClCompile>
    <ClCompile Include="Manager\D2DRenderManager.cpp">
      <Filter>Manager</Filter>
    </ClCompile>
    <ClCompile Include="Manager\UpdateTaskManager.cpp">
      <Filter>Manager</Filter>
    </ClCompile>
    <ClCompile Include="Manager\SceneManager.cpp">
      <Filter>Manager</Filter>
    </ClCompile>
    <ClCompile Include="Math\TMath.cpp">
      <Filter>Math</Filter>
    </ClCompile>
    <ClCompile Include="Math\TColor.cpp">
      <Filter>Math</Filter>
    </ClCompile>
    <ClCompile Include="Math\Transform.cpp">
      <Filter>Math</Filter>
    </ClCompile>
    <ClCompile Include="Helpers\FFmpegHelper.cpp">
      <Filter>Helper</Filter>
    </ClCompile>
    <ClCompile Include="Helpers\StringHelper.cpp">
      <Filter>Helper</Filter>
    </ClCompile>
    <ClCompile Include="Core\ObjectHandler.cpp">
      <Filter>Core</Filter>
    </ClCompile>
    <ClCompile Include="Core\StatTraits.cpp">
      <Filter>Core</Filter>
    </ClCompile>
    <ClCompile Include="Core\Delegate.cpp">
      <Filter>Core</Filter>
    </ClCompile>
    <ClCompile Include="Core\Input.cpp">
      <Filter>Core</Filter>
    </ClCompile>
    <ClCompile Include="Core\Singleton.cpp">
      <Filter>Core</Filter>
    </ClCompile>
    <ClCompile Include="Component\StatComponent.cpp">
      <Filter>Component</Filter>
    </ClCompile>
    <ClCompile Include="Define\Define.cpp">
      <Filter>Define</Filter>
    </ClCompile>
    <ClCompile Include="Helpers\FileHelper.cpp">
      <Filter>Helper</Filter>
    </ClCompile>
    <ClCompile Include="System\SystemBase.cpp">
      <Filter>System</Filter>
    </ClCompile>
    <ClCompile Include="Scene\Scene.cpp">
      <Filter>Scene</Filter>
    </ClCompile>
    <ClCompile Include="Application.cpp">
      <Filter>Core\Application</Filter>
    </ClCompile>
    <ClCompile Include="pch.cpp">
      <Filter>Core</Filter>
    </ClCompile>
    <ClCompile Include="Engine.cpp">
      <Filter>Core</Filter>
    </ClCompile>
    <ClCompile Include="Core\Tickable.cpp">
      <Filter>Core</Filter>
    </ClCompile>
    <ClCompile Include="Manager\TimerManager.cpp">
      <Filter>Manager</Filter>
    </ClCompile>
    <ClCompile Include="Component\Animator.cpp">
      <Filter>Component</Filter>
    </ClCompile>
    <ClCompile Include="FSM\FiniteStateMachine.cpp">
      <Filter>FSM</Filter>
    </ClCompile>
    <ClCompile Include="FSM\FSMState.cpp">
      <Filter>FSM</Filter>
    </ClCompile>
    <ClCompile Include="Object\UObjectBase.cpp">
      <Filter>Object</Filter>
    </ClCompile>
    <ClCompile Include="Animation\TextureLoader.cpp">
      <Filter>Animation</Filter>
    </ClCompile>
    <ClCompile Include="Animation\AnimationController.cpp">
      <Filter>Animation</Filter>
    </ClCompile>
    <ClCompile Include="Animation\AnimatorInstance.cpp">
      <Filter>Animation</Filter>
    </ClCompile>
    <ClCompile Include="System\CollisionSystem.cpp">
      <Filter>System</Filter>
    </ClCompile>
    <ClCompile Include="Experimental\Physics\AABB.cpp">
      <Filter>Experimental\Physics</Filter>
    </ClCompile>
    <ClCompile Include="Experimental\Collision\CollisionDetector.cpp">
      <Filter>Experimental\Collission</Filter>
    </ClCompile>
    <ClCompile Include="Manager\ClassManager.cpp">
      <Filter>Manager</Filter>
    </ClCompile>
    <ClCompile Include="Component\Collider.cpp">
      <Filter>Component</Filter>
    </ClCompile>
  </ItemGroup>
</Project>